
Microsoft Visual Studio Solution File, Format Version 12.00
Project("{FAE04EC0-301F-11D3-BF4B-00C04F79EFBC}") = "AgendaDeContactos", "AgendaDeContactos\AgendaDeContactos.csproj", "{A419EE71-93DC-4971-A89D-3E1A4F7DA726}"
EndProject
Project("{FAE04EC0-301F-11D3-BF4B-00C04F79EFBC}") = "AgendaDeContactos.login", "AgendaDeContactos.login\AgendaDeContactos.login.csproj", "{8295A116-69A5-48C4-9869-47A8964E1093}"
EndProject
Project("{FAE04EC0-301F-11D3-BF4B-00C04F79EFBC}") = "AgendaDeContactosTest", "AgendaDeContactosTest\AgendaDeContactosTest.csproj", "{36287A26-B01E-4941-9BEE-64636C03B512}"
EndProject
Global
	GlobalSection(SolutionConfigurationPlatforms) = preSolution
		Debug|Any CPU = Debug|Any CPU
		Release|Any CPU = Release|Any CPU
	EndGlobalSection
	GlobalSection(ProjectConfigurationPlatforms) = postSolution
		{A419EE71-93DC-4971-A89D-3E1A4F7DA726}.Debug|Any CPU.ActiveCfg = Debug|Any CPU
		{A419EE71-93DC-4971-A89D-3E1A4F7DA726}.Debug|Any CPU.Build.0 = Debug|Any CPU
		{A419EE71-93DC-4971-A89D-3E1A4F7DA726}.Release|Any CPU.ActiveCfg = Release|Any CPU
		{A419EE71-93DC-4971-A89D-3E1A4F7DA726}.Release|Any CPU.Build.0 = Release|Any CPU
		{8295A116-69A5-48C4-9869-47A8964E1093}.Debug|Any CPU.ActiveCfg = Debug|Any CPU
		{8295A116-69A5-48C4-9869-47A8964E1093}.Debug|Any CPU.Build.0 = Debug|Any CPU
		{8295A116-69A5-48C4-9869-47A8964E1093}.Release|Any CPU.ActiveCfg = Release|Any CPU
		{8295A116-69A5-48C4-9869-47A8964E1093}.Release|Any CPU.Build.0 = Release|Any CPU
		{36287A26-B01E-4941-9BEE-64636C03B512}.Debug|Any CPU.ActiveCfg = Debug|Any CPU
		{36287A26-B01E-4941-9BEE-64636C03B512}.Debug|Any CPU.Build.0 = Debug|Any CPU
		{36287A26-B01E-4941-9BEE-64636C03B512}.Release|Any CPU.ActiveCfg = Release|Any CPU
		{36287A26-B01E-4941-9BEE-64636C03B512}.Release|Any CPU.Build.0 = Release|Any CPU
	EndGlobalSection
EndGlobal
